
Microsoft Visual Studio Solution File, Format Version 12.00
# Visual Studio Version 17
VisualStudioVersion = 17.4.33213.308
MinimumVisualStudioVersion = 10.0.40219.1
Project("{FAE04EC0-301F-11D3-BF4B-00C04F79EFBC}") = "VendingMachineTracker", "VendingMachineTracker\VendingMachineTracker.csproj", "{765AFCE6-5CA9-460F-90A7-1A9C9E96E86B}"
EndProject
Global
	GlobalSection(SolutionConfigurationPlatforms) = preSolution
		Debug|Any CPU = Debug|Any CPU
		Release|Any CPU = Release|Any CPU
	EndGlobalSection
	GlobalSection(ProjectConfigurationPlatforms) = postSolution
		{765AFCE6-5CA9-460F-90A7-1A9C9E96E86B}.Debug|Any CPU.ActiveCfg = Debug|Any CPU
		{765AFCE6-5CA9-460F-90A7-1A9C9E96E86B}.Debug|Any CPU.Build.0 = Debug|Any CPU
		{765AFCE6-5CA9-460F-90A7-1A9C9E96E86B}.Release|Any CPU.ActiveCfg = Release|Any CPU
		{765AFCE6-5CA9-460F-90A7-1A9C9E96E86B}.Release|Any CPU.Build.0 = Release|Any CPU
	EndGlobalSection
	GlobalSection(SolutionProperties) = preSolution
		HideSolutionNode = FALSE
	EndGlobalSection
	GlobalSection(ExtensibilityGlobals) = postSolution
		SolutionGuid = {1E19C3F1-99E0-4FC6-9F24-4BBCB16DB3EE}
	EndGlobalSection
EndGlobal
